{
    "_readme": [
        "This file locks the dependencies of your project to a known state",
        "Read more about it at https://getcomposer.org/doc/01-basic-usage.md#composer-lock-the-lock-file",
        "This file is @generated automatically"
    ],
    "hash": "c88aac34d7768b094ae90696dcbe52a7",
    "content-hash": "901a386cf83c1c2232851e3cb168ef88",
    "packages": [
        {
            "name": "composer/installers",
            "version": "v1.1.0",
            "source": {
                "type": "git",
                "url": "https://github.com/composer/installers.git",
                "reference": "a3595c5272a6f247228abb20076ed27321e4aae9"
            },
            "dist": {
                "type": "zip",
                "url": "https://api.github.com/repos/composer/installers/zipball/a3595c5272a6f247228abb20076ed27321e4aae9",
                "reference": "a3595c5272a6f247228abb20076ed27321e4aae9",
                "shasum": ""
            },
            "require": {
                "composer-plugin-api": "^1.0"
            },
            "replace": {
                "roundcube/plugin-installer": "*",
                "shama/baton": "*"
            },
            "require-dev": {
                "composer/composer": "1.0.*@dev",
                "phpunit/phpunit": "4.1.*"
            },
            "type": "composer-plugin",
            "extra": {
                "class": "Composer\\Installers\\Plugin",
                "branch-alias": {
                    "dev-master": "1.0-dev"
                }
            },
            "autoload": {
                "psr-4": {
                    "Composer\\Installers\\": "src/Composer/Installers"
                }
            },
            "notification-url": "https://packagist.org/downloads/",
            "license": [
                "MIT"
            ],
            "authors": [
                {
                    "name": "Kyle Robinson Young",
                    "email": "kyle@dontkry.com",
                    "homepage": "https://github.com/shama"
                }
            ],
            "description": "A multi-framework Composer library installer",
            "homepage": "https://composer.github.io/installers/",
            "keywords": [
                "Craft",
                "Dolibarr",
                "Hurad",
                "ImageCMS",
                "MODX Evo",
                "Mautic",
                "OXID",
                "RadPHP",
                "SMF",
                "Thelia",
                "WolfCMS",
                "agl",
                "aimeos",
                "annotatecms",
                "bitrix",
                "cakephp",
                "chef",
                "codeigniter",
                "concrete5",
                "croogo",
                "dokuwiki",
                "drupal",
                "elgg",
                "expressionengine",
                "fuelphp",
                "grav",
                "installer",
                "joomla",
                "kohana",
                "laravel",
                "lithium",
                "magento",
                "mako",
                "mediawiki",
                "modulework",
                "moodle",
                "phpbb",
                "piwik",
                "ppi",
                "puppet",
                "roundcube",
                "shopware",
                "silverstripe",
                "symfony",
                "typo3",
                "wordpress",
                "zend",
                "zikula"
            ],
            "time": "2016-07-05 06:18:20"
        },
        {
            "name": "nts/config",
            "version": "dev-master",
            "source": {
                "type": "git",
                "url": "gitolite3@development.salland.eu:nts-config",
                "reference": "561f6f9b80647a32e632b6b63a84b1937dd8b13f"
            },
            "require": {
                "php": ">=5.6"
            },
            "type": "config",
            "description": "Global NTS configuration files",
            "keywords": [
                "",
                "config"
            ],
            "time": "2016-07-13 08:19:50"
        },
        {
            "name": "nts/db",
            "version": "dev-master",
            "source": {
                "type": "git",
                "url": "gitolite3@development.salland.eu:nts-db",
                "reference": "63c683787dd17f78ef7c551c2c47dc30d9135014"
            },
            "require": {
                "php": ">=5.6"
            },
            "type": "library",
            "autoload": {
                "psr-4": {
                    "Nts\\Db\\": "src/"
                },
                "files": [
                    "src/functions/report.php",
                    "src/functions/dbConn.php"
                ]
            },
            "description": "Database abstraction layer",
            "keywords": [
                "",
                "db"
            ],
            "time": "2016-07-07 12:37:48"
        },
        {
            "name": "nts/dhtmlx",
            "version": "dev-master",
            "source": {
                "type": "git",
                "url": "gitolite3@development.salland.eu:nts-dhtmlx",
                "reference": "084048450fa0cf690c03a496e20434b3e4b7e963"
            },
            "require": {
                "php": ">=5.6"
            },
            "type": "library",
            "autoload": {
                "psr-4": {
                    "Nts\\DHTMLX\\": "src/"
                },
                "files": []
            },
            "description": "Used to print DHTMLX JSON data",
            "keywords": [
                "",
                "db"
            ],
            "time": "2016-07-12 14:12:33"
        },
        {
            "name": "oomphinc/composer-installers-extender",
            "version": "v1.1.1",
            "source": {
                "type": "git",
                "url": "https://github.com/oomphinc/composer-installers-extender.git",
                "reference": "e29c900d3d6a851ee8261859fb39edbb1f34722e"
            },
            "dist": {
                "type": "zip",
                "url": "https://api.github.com/repos/oomphinc/composer-installers-extender/zipball/e29c900d3d6a851ee8261859fb39edbb1f34722e",
                "reference": "e29c900d3d6a851ee8261859fb39edbb1f34722e",
                "shasum": ""
            },
            "require": {
                "composer-plugin-api": "^1.0",
                "composer/installers": "^1.0"
            },
            "type": "composer-plugin",
            "extra": {
                "class": "OomphInc\\ComposerInstallersExtender\\Plugin"
            },
            "autoload": {
                "psr-4": {
                    "OomphInc\\ComposerInstallersExtender\\": "src/"
                }
            },
            "notification-url": "https://packagist.org/downloads/",
            "license": [
                "MIT"
            ],
            "authors": [
                {
                    "name": "Stephen Beemsterboer",
                    "email": "stephen@oomphinc.com",
                    "homepage": "https://github.com/balbuf"
                }
            ],
            "description": "Extend the composer/installers plugin to accept any arbitrary package type.",
            "homepage": "http://www.oomphinc.com/",
            "time": "2016-07-05 15:00:34"
        }
    ],
    "packages-dev": [],
    "aliases": [],
    "minimum-stability": "dev",
    "stability-flags": {
        "nts/db": 20,
        "nts/dhtmlx": 20,
        "nts/config": 20
    },
    "prefer-stable": true,
    "prefer-lowest": false,
    "platform": {
        "php": ">=5.6"
    },
    "platform-dev": []
}
